// !$*UTF8*$!
{
	archiveVersion = 1;
	classes = {
	};
	objectVersion = 46;
	objects = {

/* Begin PBXBuildFile section */
		E00742C5185D615600F6C27C /* Foundation.framework in Frameworks */ = {isa = PBXBuildFile; fileRef = E00742C4185D615600F6C27C /* Foundation.framework */; };
		E00742C7185D615600F6C27C /* UIKit.framework in Frameworks */ = {isa = PBXBuildFile; fileRef = E00742C6185D615600F6C27C /* UIKit.framework */; };
		E00742C9185D615600F6C27C /* CoreGraphics.framework in Frameworks */ = {isa = PBXBuildFile; fileRef = E00742C8185D615600F6C27C /* CoreGraphics.framework */; };
		E00742CB185D615600F6C27C /* AddressBook.framework in Frameworks */ = {isa = PBXBuildFile; fileRef = E00742CA185D615600F6C27C /* AddressBook.framework */; };
		E00742CD185D615600F6C27C /* AddressBookUI.framework in Frameworks */ = {isa = PBXBuildFile; fileRef = E00742CC185D615600F6C27C /* AddressBookUI.framework */; };
		E00742CF185D615600F6C27C /* AudioToolbox.framework in Frameworks */ = {isa = PBXBuildFile; fileRef = E00742CE185D615600F6C27C /* AudioToolbox.framework */; };
		E00742D1185D615700F6C27C /* AVFoundation.framework in Frameworks */ = {isa = PBXBuildFile; fileRef = E00742D0185D615600F6C27C /* AVFoundation.framework */; };
		E00742D3185D615700F6C27C /* CoreLocation.framework in Frameworks */ = {isa = PBXBuildFile; fileRef = E00742D2185D615700F6C27C /* CoreLocation.framework */; };
		E00742D5185D615700F6C27C /* MediaPlayer.framework in Frameworks */ = {isa = PBXBuildFile; fileRef = E00742D4185D615700F6C27C /* MediaPlayer.framework */; };
		E00742D7185D615700F6C27C /* QuartzCore.framework in Frameworks */ = {isa = PBXBuildFile; fileRef = E00742D6185D615700F6C27C /* QuartzCore.framework */; };
		E00742D9185D615700F6C27C /* SystemConfiguration.framework in Frameworks */ = {isa = PBXBuildFile; fileRef = E00742D8185D615700F6C27C /* SystemConfiguration.framework */; };
		E00742DB185D615700F6C27C /* MobileCoreServices.framework in Frameworks */ = {isa = PBXBuildFile; fileRef = E00742DA185D615700F6C27C /* MobileCoreServices.framework */; };
		E00742DD185D615700F6C27C /* CoreMedia.framework in Frameworks */ = {isa = PBXBuildFile; fileRef = E00742DC185D615700F6C27C /* CoreMedia.framework */; };
		E00742E3185D615700F6C27C /* InfoPlist.strings in Resources */ = {isa = PBXBuildFile; fileRef = E00742E1185D615700F6C27C /* InfoPlist.strings */; };
		E00742E5185D615700F6C27C /* main.m in Sources */ = {isa = PBXBuildFile; fileRef = E00742E4185D615700F6C27C /* main.m */; };
		E00742E8185D615700F6C27C /* Cordova.framework in Frameworks */ = {isa = PBXBuildFile; fileRef = E00742E7185D615700F6C27C /* Cordova.framework */; };
		E00742ED185D615700F6C27C /* Localizable.strings in Resources */ = {isa = PBXBuildFile; fileRef = E00742EB185D615700F6C27C /* Localizable.strings */; };
		E00742F1185D615700F6C27C /* Localizable.strings in Resources */ = {isa = PBXBuildFile; fileRef = E00742EF185D615700F6C27C /* Localizable.strings */; };
		E00742F5185D615700F6C27C /* Localizable.strings in Resources */ = {isa = PBXBuildFile; fileRef = E00742F3185D615700F6C27C /* Localizable.strings */; };
		E00742F9185D615800F6C27C /* Localizable.strings in Resources */ = {isa = PBXBuildFile; fileRef = E00742F7185D615700F6C27C /* Localizable.strings */; };
		E00742FC185D615800F6C27C /* icon.png in Resources */ = {isa = PBXBuildFile; fileRef = E00742FB185D615800F6C27C /* icon.png */; };
		E00742FE185D615800F6C27C /* icon@2x.png in Resources */ = {isa = PBXBuildFile; fileRef = E00742FD185D615800F6C27C /* icon@2x.png */; };
		E0074300185D615800F6C27C /* icon-72.png in Resources */ = {isa = PBXBuildFile; fileRef = E00742FF185D615800F6C27C /* icon-72.png */; };
		E0074303185D615800F6C27C /* Default.png in Resources */ = {isa = PBXBuildFile; fileRef = E0074302185D615800F6C27C /* Default.png */; };
		E0074305185D615800F6C27C /* Default@2x.png in Resources */ = {isa = PBXBuildFile; fileRef = E0074304185D615800F6C27C /* Default@2x.png */; };
		E0074307185D615800F6C27C /* Capture.bundle in Resources */ = {isa = PBXBuildFile; fileRef = E0074306185D615800F6C27C /* Capture.bundle */; };
		E0074309185D615800F6C27C /* Cordova.plist in Resources */ = {isa = PBXBuildFile; fileRef = E0074308185D615800F6C27C /* Cordova.plist */; };
		E007430D185D615800F6C27C /* AppDelegate.m in Sources */ = {isa = PBXBuildFile; fileRef = E007430C185D615800F6C27C /* AppDelegate.m */; };
		E0074310185D615900F6C27C /* MainViewController.m in Sources */ = {isa = PBXBuildFile; fileRef = E007430F185D615900F6C27C /* MainViewController.m */; };
		E0074312185D615900F6C27C /* MainViewController.xib in Resources */ = {isa = PBXBuildFile; fileRef = E0074311185D615900F6C27C /* MainViewController.xib */; };
		E0074316185D615900F6C27C /* verify.sh in Resources */ = {isa = PBXBuildFile; fileRef = E0074315185D615900F6C27C /* verify.sh */; };
		E007431D185D619000F6C27C /* www in Resources */ = {isa = PBXBuildFile; fileRef = E007431C185D619000F6C27C /* www */; };
		E007431F185D638A00F6C27C /* 56x56.png in Resources */ = {isa = PBXBuildFile; fileRef = E007431E185D638A00F6C27C /* 56x56.png */; };
		E0074321185D639200F6C27C /* Ladybug.png in Resources */ = {isa = PBXBuildFile; fileRef = E0074320185D639200F6C27C /* Ladybug.png */; };
/* End PBXBuildFile section */

/* Begin PBXFileReference section */
		E00742C1185D615600F6C27C /* Garga Puzzle.app */ = {isa = PBXFileReference; explicitFileType = wrapper.application; includeInIndex = 0; path = "Garga Puzzle.app"; sourceTree = BUILT_PRODUCTS_DIR; };
		E00742C4185D615600F6C27C /* Foundation.framework */ = {isa = PBXFileReference; lastKnownFileType = wrapper.framework; name = Foundation.framework; path = System/Library/Frameworks/Foundation.framework; sourceTree = SDKROOT; };
		E00742C6185D615600F6C27C /* UIKit.framework */ = {isa = PBXFileReference; lastKnownFileType = wrapper.framework; name = UIKit.framework; path = System/Library/Frameworks/UIKit.framework; sourceTree = SDKROOT; };
		E00742C8185D615600F6C27C /* CoreGraphics.framework */ = {isa = PBXFileReference; lastKnownFileType = wrapper.framework; name = CoreGraphics.framework; path = System/Library/Frameworks/CoreGraphics.framework; sourceTree = SDKROOT; };
		E00742CA185D615600F6C27C /* AddressBook.framework */ = {isa = PBXFileReference; lastKnownFileType = wrapper.framework; name = AddressBook.framework; path = System/Library/Frameworks/AddressBook.framework; sourceTree = SDKROOT; };
		E00742CC185D615600F6C27C /* AddressBookUI.framework */ = {isa = PBXFileReference; lastKnownFileType = wrapper.framework; name = AddressBookUI.framework; path = System/Library/Frameworks/AddressBookUI.framework; sourceTree = SDKROOT; };
		E00742CE185D615600F6C27C /* AudioToolbox.framework */ = {isa = PBXFileReference; lastKnownFileType = wrapper.framework; name = AudioToolbox.framework; path = System/Library/Frameworks/AudioToolbox.framework; sourceTree = SDKROOT; };
		E00742D0185D615600F6C27C /* AVFoundation.framework */ = {isa = PBXFileReference; lastKnownFileType = wrapper.framework; name = AVFoundation.framework; path = System/Library/Frameworks/AVFoundation.framework; sourceTree = SDKROOT; };
		E00742D2185D615700F6C27C /* CoreLocation.framework */ = {isa = PBXFileReference; lastKnownFileType = wrapper.framework; name = CoreLocation.framework; path = System/Library/Frameworks/CoreLocation.framework; sourceTree = SDKROOT; };
		E00742D4185D615700F6C27C /* MediaPlayer.framework */ = {isa = PBXFileReference; lastKnownFileType = wrapper.framework; name = MediaPlayer.framework; path = System/Library/Frameworks/MediaPlayer.framework; sourceTree = SDKROOT; };
		E00742D6185D615700F6C27C /* QuartzCore.framework */ = {isa = PBXFileReference; lastKnownFileType = wrapper.framework; name = QuartzCore.framework; path = System/Library/Frameworks/QuartzCore.framework; sourceTree = SDKROOT; };
		E00742D8185D615700F6C27C /* SystemConfiguration.framework */ = {isa = PBXFileReference; lastKnownFileType = wrapper.framework; name = SystemConfiguration.framework; path = System/Library/Frameworks/SystemConfiguration.framework; sourceTree = SDKROOT; };
		E00742DA185D615700F6C27C /* MobileCoreServices.framework */ = {isa = PBXFileReference; lastKnownFileType = wrapper.framework; name = MobileCoreServices.framework; path = System/Library/Frameworks/MobileCoreServices.framework; sourceTree = SDKROOT; };
		E00742DC185D615700F6C27C /* CoreMedia.framework */ = {isa = PBXFileReference; lastKnownFileType = wrapper.framework; name = CoreMedia.framework; path = System/Library/Frameworks/CoreMedia.framework; sourceTree = SDKROOT; };
		E00742E0185D615700F6C27C /* Garga Puzzle-Info.plist */ = {isa = PBXFileReference; lastKnownFileType = text.plist.xml; path = "Garga Puzzle-Info.plist"; sourceTree = "<group>"; };
		E00742E2185D615700F6C27C /* en */ = {isa = PBXFileReference; lastKnownFileType = text.plist.strings; name = en; path = en.lproj/InfoPlist.strings; sourceTree = "<group>"; };
		E00742E4185D615700F6C27C /* main.m */ = {isa = PBXFileReference; lastKnownFileType = sourcecode.c.objc; path = main.m; sourceTree = "<group>"; };
		E00742E6185D615700F6C27C /* Garga Puzzle-Prefix.pch */ = {isa = PBXFileReference; lastKnownFileType = sourcecode.c.h; path = "Garga Puzzle-Prefix.pch"; sourceTree = "<group>"; };
		E00742E7185D615700F6C27C /* Cordova.framework */ = {isa = PBXFileReference; lastKnownFileType = wrapper.framework; name = Cordova.framework; path = /Users/Shared/Cordova/Frameworks/Cordova.framework; sourceTree = "<absolute>"; };
		E00742EC185D615700F6C27C /* en */ = {isa = PBXFileReference; lastKnownFileType = text.plist.strings; name = en; path = Resources/en.lproj/Localizable.strings; sourceTree = "<group>"; };
		E00742F0185D615700F6C27C /* es */ = {isa = PBXFileReference; lastKnownFileType = text.plist.strings; name = es; path = Resources/es.lproj/Localizable.strings; sourceTree = "<group>"; };
		E00742F4185D615700F6C27C /* de */ = {isa = PBXFileReference; lastKnownFileType = text.plist.strings; name = de; path = Resources/de.lproj/Localizable.strings; sourceTree = "<group>"; };
		E00742F8185D615700F6C27C /* se */ = {isa = PBXFileReference; lastKnownFileType = text.plist.strings; name = se; path = Resources/se.lproj/Localizable.strings; sourceTree = "<group>"; };
		E00742FB185D615800F6C27C /* icon.png */ = {isa = PBXFileReference; lastKnownFileType = image.png; name = icon.png; path = Resources/icons/icon.png; sourceTree = "<group>"; };
		E00742FD185D615800F6C27C /* icon@2x.png */ = {isa = PBXFileReference; lastKnownFileType = image.png; name = "icon@2x.png"; path = "Resources/icons/icon@2x.png"; sourceTree = "<group>"; };
		E00742FF185D615800F6C27C /* icon-72.png */ = {isa = PBXFileReference; lastKnownFileType = image.png; name = "icon-72.png"; path = "Resources/icons/icon-72.png"; sourceTree = "<group>"; };
		E0074302185D615800F6C27C /* Default.png */ = {isa = PBXFileReference; lastKnownFileType = image.png; name = Default.png; path = Resources/splash/Default.png; sourceTree = "<group>"; };
		E0074304185D615800F6C27C /* Default@2x.png */ = {isa = PBXFileReference; lastKnownFileType = image.png; name = "Default@2x.png"; path = "Resources/splash/Default@2x.png"; sourceTree = "<group>"; };
		E0074306185D615800F6C27C /* Capture.bundle */ = {isa = PBXFileReference; lastKnownFileType = "wrapper.plug-in"; name = Capture.bundle; path = Resources/Capture.bundle; sourceTree = "<group>"; };
		E0074308185D615800F6C27C /* Cordova.plist */ = {isa = PBXFileReference; lastKnownFileType = text.plist.xml; path = Cordova.plist; sourceTree = "<group>"; };
		E007430B185D615800F6C27C /* AppDelegate.h */ = {isa = PBXFileReference; lastKnownFileType = sourcecode.c.h; name = AppDelegate.h; path = Classes/AppDelegate.h; sourceTree = "<group>"; };
		E007430C185D615800F6C27C /* AppDelegate.m */ = {isa = PBXFileReference; lastKnownFileType = sourcecode.c.objc; name = AppDelegate.m; path = Classes/AppDelegate.m; sourceTree = "<group>"; };
		E007430E185D615800F6C27C /* MainViewController.h */ = {isa = PBXFileReference; lastKnownFileType = sourcecode.c.h; name = MainViewController.h; path = Classes/MainViewController.h; sourceTree = "<group>"; };
		E007430F185D615900F6C27C /* MainViewController.m */ = {isa = PBXFileReference; lastKnownFileType = sourcecode.c.objc; name = MainViewController.m; path = Classes/MainViewController.m; sourceTree = "<group>"; };
		E0074311185D615900F6C27C /* MainViewController.xib */ = {isa = PBXFileReference; lastKnownFileType = file.xib; name = MainViewController.xib; path = Classes/MainViewController.xib; sourceTree = "<group>"; };
		E0074314185D615900F6C27C /* README */ = {isa = PBXFileReference; lastKnownFileType = text; name = README; path = Plugins/README; sourceTree = "<group>"; };
		E0074315185D615900F6C27C /* verify.sh */ = {isa = PBXFileReference; lastKnownFileType = text.script.sh; path = verify.sh; sourceTree = "<group>"; };
		E007431C185D619000F6C27C /* www */ = {isa = PBXFileReference; lastKnownFileType = folder; path = www; sourceTree = "<group>"; };
		E007431E185D638A00F6C27C /* 56x56.png */ = {isa = PBXFileReference; lastKnownFileType = image.png; path = 56x56.png; sourceTree = "<group>"; };
		E0074320185D639200F6C27C /* Ladybug.png */ = {isa = PBXFileReference; lastKnownFileType = image.png; path = Ladybug.png; sourceTree = "<group>"; };
/* End PBXFileReference section */

/* Begin PBXFrameworksBuildPhase section */
		E00742BB185D615600F6C27C /* Frameworks */ = {
			isa = PBXFrameworksBuildPhase;
			buildActionMask = 2147483647;
			files = (
				E00742C5185D615600F6C27C /* Foundation.framework in Frameworks */,
				E00742C7185D615600F6C27C /* UIKit.framework in Frameworks */,
				E00742C9185D615600F6C27C /* CoreGraphics.framework in Frameworks */,
				E00742CB185D615600F6C27C /* AddressBook.framework in Frameworks */,
				E00742CD185D615600F6C27C /* AddressBookUI.framework in Frameworks */,
				E00742CF185D615600F6C27C /* AudioToolbox.framework in Frameworks */,
				E00742D1185D615700F6C27C /* AVFoundation.framework in Frameworks */,
				E00742D3185D615700F6C27C /* CoreLocation.framework in Frameworks */,
				E00742D5185D615700F6C27C /* MediaPlayer.framework in Frameworks */,
				E00742D7185D615700F6C27C /* QuartzCore.framework in Frameworks */,
				E00742D9185D615700F6C27C /* SystemConfiguration.framework in Frameworks */,
				E00742DB185D615700F6C27C /* MobileCoreServices.framework in Frameworks */,
				E00742DD185D615700F6C27C /* CoreMedia.framework in Frameworks */,
				E00742E8185D615700F6C27C /* Cordova.framework in Frameworks */,
			);
			runOnlyForDeploymentPostprocessing = 0;
		};
		E00742BE185D615600F6C27C /* Frameworks */ = {
			isa = PBXFrameworksBuildPhase;
			buildActionMask = 2147483647;
			files = (
			);
			runOnlyForDeploymentPostprocessing = 0;
		};
/* End PBXFrameworksBuildPhase section */

/* Begin PBXGroup section */
		E00742B5185D615600F6C27C = {
			isa = PBXGroup;
			children = (
				E0074320185D639200F6C27C /* Ladybug.png */,
				E007431E185D638A00F6C27C /* 56x56.png */,
				E007431C185D619000F6C27C /* www */,
				E00742DE185D615700F6C27C /* Garga Puzzle */,
				E00742C3185D615600F6C27C /* Frameworks */,
				E00742C2185D615600F6C27C /* Products */,
			);
			sourceTree = "<group>";
		};
		E00742C2185D615600F6C27C /* Products */ = {
			isa = PBXGroup;
			children = (
				E00742C1185D615600F6C27C /* Garga Puzzle.app */,
			);
			name = Products;
			sourceTree = "<group>";
		};
		E00742C3185D615600F6C27C /* Frameworks */ = {
			isa = PBXGroup;
			children = (
				E00742C4185D615600F6C27C /* Foundation.framework */,
				E00742C6185D615600F6C27C /* UIKit.framework */,
				E00742C8185D615600F6C27C /* CoreGraphics.framework */,
				E00742CA185D615600F6C27C /* AddressBook.framework */,
				E00742CC185D615600F6C27C /* AddressBookUI.framework */,
				E00742CE185D615600F6C27C /* AudioToolbox.framework */,
				E00742D0185D615600F6C27C /* AVFoundation.framework */,
				E00742D2185D615700F6C27C /* CoreLocation.framework */,
				E00742D4185D615700F6C27C /* MediaPlayer.framework */,
				E00742D6185D615700F6C27C /* QuartzCore.framework */,
				E00742D8185D615700F6C27C /* SystemConfiguration.framework */,
				E00742DA185D615700F6C27C /* MobileCoreServices.framework */,
				E00742DC185D615700F6C27C /* CoreMedia.framework */,
			);
			name = Frameworks;
			sourceTree = "<group>";
		};
		E00742DE185D615700F6C27C /* Garga Puzzle */ = {
			isa = PBXGroup;
			children = (
				E00742E7185D615700F6C27C /* Cordova.framework */,
				E00742E9185D615700F6C27C /* Resources */,
				E007430A185D615800F6C27C /* Classes */,
				E0074313185D615900F6C27C /* Plugins */,
				E00742DF185D615700F6C27C /* Supporting Files */,
			);
			path = "Garga Puzzle";
			sourceTree = "<group>";
		};
		E00742DF185D615700F6C27C /* Supporting Files */ = {
			isa = PBXGroup;
			children = (
				E00742E0185D615700F6C27C /* Garga Puzzle-Info.plist */,
				E00742E1185D615700F6C27C /* InfoPlist.strings */,
				E00742E4185D615700F6C27C /* main.m */,
				E00742E6185D615700F6C27C /* Garga Puzzle-Prefix.pch */,
				E0074308185D615800F6C27C /* Cordova.plist */,
				E0074311185D615900F6C27C /* MainViewController.xib */,
				E0074315185D615900F6C27C /* verify.sh */,
			);
			name = "Supporting Files";
			sourceTree = "<group>";
		};
		E00742E9185D615700F6C27C /* Resources */ = {
			isa = PBXGroup;
			children = (
				E0074306185D615800F6C27C /* Capture.bundle */,
				E00742EA185D615700F6C27C /* en.lproj */,
				E00742EE185D615700F6C27C /* es.lproj */,
				E00742F2185D615700F6C27C /* de.lproj */,
				E00742F6185D615700F6C27C /* se.lproj */,
				E00742FA185D615800F6C27C /* icons */,
				E0074301185D615800F6C27C /* splash */,
			);
			name = Resources;
			sourceTree = "<group>";
		};
		E00742EA185D615700F6C27C /* en.lproj */ = {
			isa = PBXGroup;
			children = (
				E00742EB185D615700F6C27C /* Localizable.strings */,
			);
			name = en.lproj;
			sourceTree = "<group>";
		};
		E00742EE185D615700F6C27C /* es.lproj */ = {
			isa = PBXGroup;
			children = (
				E00742EF185D615700F6C27C /* Localizable.strings */,
			);
			name = es.lproj;
			sourceTree = "<group>";
		};
		E00742F2185D615700F6C27C /* de.lproj */ = {
			isa = PBXGroup;
			children = (
				E00742F3185D615700F6C27C /* Localizable.strings */,
			);
			name = de.lproj;
			sourceTree = "<group>";
		};
		E00742F6185D615700F6C27C /* se.lproj */ = {
			isa = PBXGroup;
			children = (
				E00742F7185D615700F6C27C /* Localizable.strings */,
			);
			name = se.lproj;
			sourceTree = "<group>";
		};
		E00742FA185D615800F6C27C /* icons */ = {
			isa = PBXGroup;
			children = (
				E00742FB185D615800F6C27C /* icon.png */,
				E00742FD185D615800F6C27C /* icon@2x.png */,
				E00742FF185D615800F6C27C /* icon-72.png */,
			);
			name = icons;
			sourceTree = "<group>";
		};
		E0074301185D615800F6C27C /* splash */ = {
			isa = PBXGroup;
			children = (
				E0074302185D615800F6C27C /* Default.png */,
				E0074304185D615800F6C27C /* Default@2x.png */,
			);
			name = splash;
			sourceTree = "<group>";
		};
		E007430A185D615800F6C27C /* Classes */ = {
			isa = PBXGroup;
			children = (
				E007430B185D615800F6C27C /* AppDelegate.h */,
				E007430C185D615800F6C27C /* AppDelegate.m */,
				E007430E185D615800F6C27C /* MainViewController.h */,
				E007430F185D615900F6C27C /* MainViewController.m */,
			);
			name = Classes;
			sourceTree = "<group>";
		};
		E0074313185D615900F6C27C /* Plugins */ = {
			isa = PBXGroup;
			children = (
				E0074314185D615900F6C27C /* README */,
			);
			name = Plugins;
			sourceTree = "<group>";
		};
/* End PBXGroup section */

/* Begin PBXNativeTarget section */
		E00742C0185D615600F6C27C /* Garga Puzzle */ = {
			isa = PBXNativeTarget;
			buildConfigurationList = E0074319185D615900F6C27C /* Build configuration list for PBXNativeTarget "Garga Puzzle" */;
			buildPhases = (
				E00742BA185D615600F6C27C /* Sources */,
				E00742BB185D615600F6C27C /* Frameworks */,
				E00742BC185D615600F6C27C /* Resources */,
				E00742BD185D615600F6C27C /* Sources */,
				E00742BE185D615600F6C27C /* Frameworks */,
				E00742BF185D615600F6C27C /* ShellScript */,
			);
			buildRules = (
			);
			dependencies = (
			);
			name = "Garga Puzzle";
			productName = "Garga Puzzle";
			productReference = E00742C1185D615600F6C27C /* Garga Puzzle.app */;
			productType = "com.apple.product-type.application";
		};
/* End PBXNativeTarget section */

/* Begin PBXProject section */
		E00742B6185D615600F6C27C /* Project object */ = {
			isa = PBXProject;
			attributes = {
				LastUpgradeCheck = 0460;
				ORGANIZATIONNAME = NA;
			};
			buildConfigurationList = E00742B9185D615600F6C27C /* Build configuration list for PBXProject "Garga Puzzle" */;
			compatibilityVersion = "Xcode 3.2";
			developmentRegion = English;
			hasScannedForEncodings = 0;
			knownRegions = (
				en,
				es,
				de,
				se,
			);
			mainGroup = E00742B5185D615600F6C27C;
			productRefGroup = E00742C2185D615600F6C27C /* Products */;
			projectDirPath = "";
			projectRoot = "";
			targets = (
				E00742C0185D615600F6C27C /* Garga Puzzle */,
			);
		};
/* End PBXProject section */

/* Begin PBXResourcesBuildPhase section */
		E00742BC185D615600F6C27C /* Resources */ = {
			isa = PBXResourcesBuildPhase;
			buildActionMask = 2147483647;
			files = (
				E00742E3185D615700F6C27C /* InfoPlist.strings in Resources */,
				E00742ED185D615700F6C27C /* Localizable.strings in Resources */,
				E00742F1185D615700F6C27C /* Localizable.strings in Resources */,
				E00742F5185D615700F6C27C /* Localizable.strings in Resources */,
				E00742F9185D615800F6C27C /* Localizable.strings in Resources */,
				E00742FC185D615800F6C27C /* icon.png in Resources */,
				E00742FE185D615800F6C27C /* icon@2x.png in Resources */,
				E0074300185D615800F6C27C /* icon-72.png in Resources */,
				E0074303185D615800F6C27C /* Default.png in Resources */,
				E0074305185D615800F6C27C /* Default@2x.png in Resources */,
				E0074307185D615800F6C27C /* Capture.bundle in Resources */,
				E0074309185D615800F6C27C /* Cordova.plist in Resources */,
				E0074312185D615900F6C27C /* MainViewController.xib in Resources */,
				E0074316185D615900F6C27C /* verify.sh in Resources */,
				E007431D185D619000F6C27C /* www in Resources */,
				E007431F185D638A00F6C27C /* 56x56.png in Resources */,
				E0074321185D639200F6C27C /* Ladybug.png in Resources */,
			);
			runOnlyForDeploymentPostprocessing = 0;
		};
/* End PBXResourcesBuildPhase section */

/* Begin PBXShellScriptBuildPhase section */
		E00742BF185D615600F6C27C /* ShellScript */ = {
			isa = PBXShellScriptBuildPhase;
			buildActionMask = 2147483647;
			files = (
			);
			inputPaths = (
			);
			outputPaths = (
			);
			runOnlyForDeploymentPostprocessing = 0;
			shellPath = /bin/bash;
			shellScript = "\n\t\t\t\t\t\t\t\tchmod 755 \"$PROJECT_DIR/$PROJECT_NAME/verify.sh\"\n\t\t\t\t\t\t\t\t\"$PROJECT_DIR/$PROJECT_NAME/verify.sh\"\n\t\t\t\t\t";
		};
/* End PBXShellScriptBuildPhase section */

/* Begin PBXSourcesBuildPhase section */
		E00742BA185D615600F6C27C /* Sources */ = {
			isa = PBXSourcesBuildPhase;
			buildActionMask = 2147483647;
			files = (
				E00742E5185D615700F6C27C /* main.m in Sources */,
				E007430D185D615800F6C27C /* AppDelegate.m in Sources */,
				E0074310185D615900F6C27C /* MainViewController.m in Sources */,
			);
			runOnlyForDeploymentPostprocessing = 0;
		};
		E00742BD185D615600F6C27C /* Sources */ = {
			isa = PBXSourcesBuildPhase;
			buildActionMask = 2147483647;
			files = (
			);
			runOnlyForDeploymentPostprocessing = 0;
		};
/* End PBXSourcesBuildPhase section */

/* Begin PBXVariantGroup section */
		E00742E1185D615700F6C27C /* InfoPlist.strings */ = {
			isa = PBXVariantGroup;
			children = (
				E00742E2185D615700F6C27C /* en */,
			);
			name = InfoPlist.strings;
			sourceTree = "<group>";
		};
		E00742EB185D615700F6C27C /* Localizable.strings */ = {
			isa = PBXVariantGroup;
			children = (
				E00742EC185D615700F6C27C /* en */,
			);
			name = Localizable.strings;
			sourceTree = "<group>";
		};
		E00742EF185D615700F6C27C /* Localizable.strings */ = {
			isa = PBXVariantGroup;
			children = (
				E00742F0185D615700F6C27C /* es */,
			);
			name = Localizable.strings;
			sourceTree = "<group>";
		};
		E00742F3185D615700F6C27C /* Localizable.strings */ = {
			isa = PBXVariantGroup;
			children = (
				E00742F4185D615700F6C27C /* de */,
			);
			name = Localizable.strings;
			sourceTree = "<group>";
		};
		E00742F7185D615700F6C27C /* Localizable.strings */ = {
			isa = PBXVariantGroup;
			children = (
				E00742F8185D615700F6C27C /* se */,
			);
			name = Localizable.strings;
			sourceTree = "<group>";
		};
/* End PBXVariantGroup section */

/* Begin XCBuildConfiguration section */
		E0074317185D615900F6C27C /* Debug */ = {
			isa = XCBuildConfiguration;
			buildSettings = {
				ALWAYS_SEARCH_USER_PATHS = NO;
				ARCHS = (
					armv6,
					"$(ARCHS_STANDARD_32_BIT)",
				);
				CLANG_CXX_LANGUAGE_STANDARD = "gnu++0x";
				CLANG_CXX_LIBRARY = "libc++";
				CLANG_WARN_CONSTANT_CONVERSION = YES;
				CLANG_WARN_EMPTY_BODY = YES;
				CLANG_WARN_ENUM_CONVERSION = YES;
				CLANG_WARN_INT_CONVERSION = YES;
				CLANG_WARN__DUPLICATE_METHOD_MATCH = YES;
				"CODE_SIGN_IDENTITY[sdk=iphoneos*]" = "iPhone Developer";
				COPY_PHASE_STRIP = NO;
				GCC_C_LANGUAGE_STANDARD = gnu99;
				GCC_DYNAMIC_NO_PIC = NO;
				GCC_OPTIMIZATION_LEVEL = 0;
				GCC_PREPROCESSOR_DEFINITIONS = (
					"DEBUG=1",
					"$(inherited)",
				);
				GCC_SYMBOLS_PRIVATE_EXTERN = NO;
				GCC_VERSION = com.apple.compilers.llvm.clang.1_0;
				GCC_WARN_ABOUT_RETURN_TYPE = YES;
				GCC_WARN_UNINITIALIZED_AUTOS = YES;
				GCC_WARN_UNUSED_VARIABLE = YES;
				IPHONEOS_DEPLOYMENT_TARGET = 3.0;
				ONLY_ACTIVE_ARCH = YES;
				SDKROOT = iphoneos;
			};
			name = Debug;
		};
		E0074318185D615900F6C27C /* Release */ = {
			isa = XCBuildConfiguration;
			buildSettings = {
				ALWAYS_SEARCH_USER_PATHS = NO;
				ARCHS = (
					armv6,
					"$(ARCHS_STANDARD_32_BIT)",
				);
				CLANG_CXX_LANGUAGE_STANDARD = "gnu++0x";
				CLANG_CXX_LIBRARY = "libc++";
				CLANG_WARN_CONSTANT_CONVERSION = YES;
				CLANG_WARN_EMPTY_BODY = YES;
				CLANG_WARN_ENUM_CONVERSION = YES;
				CLANG_WARN_INT_CONVERSION = YES;
				CLANG_WARN__DUPLICATE_METHOD_MATCH = YES;
				"CODE_SIGN_IDENTITY[sdk=iphoneos*]" = "iPhone Developer";
				COPY_PHASE_STRIP = YES;
				GCC_C_LANGUAGE_STANDARD = gnu99;
				GCC_VERSION = com.apple.compilers.llvm.clang.1_0;
				GCC_WARN_ABOUT_RETURN_TYPE = YES;
				GCC_WARN_UNINITIALIZED_AUTOS = YES;
				GCC_WARN_UNUSED_VARIABLE = YES;
				IPHONEOS_DEPLOYMENT_TARGET = 3.0;
				SDKROOT = iphoneos;
				VALIDATE_PRODUCT = YES;
			};
			name = Release;
		};
		E007431A185D615900F6C27C /* Debug */ = {
			isa = XCBuildConfiguration;
			buildSettings = {
				ALWAYS_SEARCH_USER_PATHS = YES;
				COPY_PHASE_STRIP = NO;
				FRAMEWORK_SEARCH_PATHS = /Users/Shared/Cordova/Frameworks;
				GCC_DYNAMIC_NO_PIC = NO;
				GCC_PRECOMPILE_PREFIX_HEADER = YES;
				GCC_PREFIX_HEADER = "Garga Puzzle/Garga Puzzle-Prefix.pch";
				GCC_PREPROCESSOR_DEFINITIONS = (
					"DEBUG=1,",
					"CORDOVA_FRAMEWORK=1",
				);
				INFOPLIST_FILE = "Garga Puzzle/Garga Puzzle-Info.plist";
				OTHER_LDFLAGS = (
					"-weak_framework",
					UIKit,
					"-weak_framework",
					AVFoundation,
					"-weak_framework",
					CoreMedia,
					"-weak_library",
					/usr/lib/libSystem.B.dylib,
				);
				PRODUCT_NAME = "$(TARGET_NAME)";
				TARGETED_DEVICE_FAMILY = "1,2";
				WRAPPER_EXTENSION = app;
			};
			name = Debug;
		};
		E007431B185D615900F6C27C /* Release */ = {
			isa = XCBuildConfiguration;
			buildSettings = {
				ALWAYS_SEARCH_USER_PATHS = YES;
				COPY_PHASE_STRIP = YES;
				DEBUG_INFORMATION_FORMAT = "dwarf-with-dsym";
				FRAMEWORK_SEARCH_PATHS = /Users/Shared/Cordova/Frameworks;
				GCC_PRECOMPILE_PREFIX_HEADER = YES;
				GCC_PREFIX_HEADER = "Garga Puzzle/Garga Puzzle-Prefix.pch";
				GCC_PREPROCESSOR_DEFINITIONS = (
					"NDEBUG=1,",
					"CORDOVA_FRAMEWORK=1",
				);
				INFOPLIST_FILE = "Garga Puzzle/Garga Puzzle-Info.plist";
				OTHER_LDFLAGS = (
					"-weak_framework",
					UIKit,
					"-weak_framework",
					AVFoundation,
					"-weak_framework",
					CoreMedia,
					"-weak_library",
					/usr/lib/libSystem.B.dylib,
				);
				PRODUCT_NAME = "$(TARGET_NAME)";
				TARGETED_DEVICE_FAMILY = "1,2";
				VALIDATE_PRODUCT = YES;
				WRAPPER_EXTENSION = app;
			};
			name = Release;
		};
/* End XCBuildConfiguration section */

/* Begin XCConfigurationList section */
		E00742B9185D615600F6C27C /* Build configuration list for PBXProject "Garga Puzzle" */ = {
			isa = XCConfigurationList;
			buildConfigurations = (
				E0074317185D615900F6C27C /* Debug */,
				E0074318185D615900F6C27C /* Release */,
			);
			defaultConfigurationIsVisible = 0;
			defaultConfigurationName = Release;
		};
		E0074319185D615900F6C27C /* Build configuration list for PBXNativeTarget "Garga Puzzle" */ = {
			isa = XCConfigurationList;
			buildConfigurations = (
				E007431A185D615900F6C27C /* Debug */,
				E007431B185D615900F6C27C /* Release */,
			);
			defaultConfigurationIsVisible = 0;
			defaultConfigurationName = Release;
		};
/* End XCConfigurationList section */
	};
	rootObject = E00742B6185D615600F6C27C /* Project object */;
}
